<?xml version="1.0" encoding="UTF-8" standalone="yes" ?>
<CodeBlocks_project_file>
	<FileVersion major="1" minor="6" />
	<Project>
		<Option title="Nientiendo - TP2" />
		<Option pch_mode="2" />
		<Option compiler="gcc" />
		<Build>
			<Target title="Debug">
				<Option output="bin/Debug/Nientiendo - TP2" prefix_auto="1" extension_auto="1" />
				<Option object_output="obj/Debug/" />
				<Option type="1" />
				<Option compiler="gcc" />
				<Compiler>
					<Add option="-g" />
				</Compiler>
			</Target>
			<Target title="Release">
				<Option output="bin/Release/Nientiendo - TP2" prefix_auto="1" extension_auto="1" />
				<Option object_output="obj/Release/" />
				<Option type="1" />
				<Option compiler="gcc" />
				<Compiler>
					<Add option="-O2" />
				</Compiler>
				<Linker>
					<Add option="-s" />
				</Linker>
			</Target>
		</Build>
		<Compiler>
			<Add option="-Wall" />
		</Compiler>
		<Unit filename="../Columna.cpp" />
		<Unit filename="../Columna.h" />
		<Unit filename="../Constantes.h" />
		<Unit filename="../Espacio.cpp" />
		<Unit filename="../Espacio.h" />
		<Unit filename="../Juego.cpp" />
		<Unit filename="../Juego.h" />
		<Unit filename="../Jugador.cpp" />
		<Unit filename="../Jugador.h" />
		<Unit filename="../Jugadores.cpp" />
		<Unit filename="../Jugadores.h" />
		<Unit filename="../Lista.h" />
		<Unit filename="../Nodo.h" />
		<Unit filename="../Plano.cpp" />
		<Unit filename="../Plano.h" />
		<Unit filename="../Reglas.cpp" />
		<Unit filename="../Reglas.h" />
		<Unit filename="../Tablero.cpp" />
		<Unit filename="../Tablero.h" />
		<Unit filename="../main.cpp" />
		<Extensions>
			<lib_finder disable_auto="1" />
		</Extensions>
	</Project>
</CodeBlocks_project_file>
